// !$*UTF8*$!
{
	archiveVersion = 1;
	classes = {
	};
	objectVersion = 46;
	objects = {

/* Begin PBXBuildFile section */
		207C59351B63E7BD0072007F /* main.m in Sources */ = {isa = PBXBuildFile; fileRef = 207C59341B63E7BD0072007F /* main.m */; };
/* End PBXBuildFile section */

/* Begin PBXCopyFilesBuildPhase section */
		207C592F1B63E7BD0072007F /* CopyFiles */ = {
			isa = PBXCopyFilesBuildPhase;
			buildActionMask = 2147483647;
			dstPath = /usr/share/man/man1/;
			dstSubfolderSpec = 0;
			files = (
			);
			runOnlyForDeploymentPostprocessing = 1;
		};
/* End PBXCopyFilesBuildPhase section */

/* Begin PBXFileReference section */
		207C59311B63E7BD0072007F /* 3PreferLiteralSyntaxOverEquivalentMethod */ = {isa = PBXFileReference; explicitFileType = "compiled.mach-o.executable"; includeInIndex = 0; path = 3PreferLiteralSyntaxOverEquivalentMethod; sourceTree = BUILT_PRODUCTS_DIR; };
		207C59341B63E7BD0072007F /* main.m */ = {isa = PBXFileReference; lastKnownFileType = sourcecode.c.objc; path = main.m; sourceTree = "<group>"; };
/* End PBXFileReference section */

/* Begin PBXFrameworksBuildPhase section */
		207C592E1B63E7BD0072007F /* Frameworks */ = {
			isa = PBXFrameworksBuildPhase;
			buildActionMask = 2147483647;
			files = (
			);
			runOnlyForDeploymentPostprocessing = 0;
		};
/* End PBXFrameworksBuildPhase section */

/* Begin PBXGroup section */
		207C59281B63E7BD0072007F = {
			isa = PBXGroup;
			children = (
				207C59331B63E7BD0072007F /* 3PreferLiteralSyntaxOverEquivalentMethod */,
				207C59321B63E7BD0072007F /* Products */,
			);
			sourceTree = "<group>";
		};
		207C59321B63E7BD0072007F /* Products */ = {
			isa = PBXGroup;
			children = (
				207C59311B63E7BD0072007F /* 3PreferLiteralSyntaxOverEquivalentMethod */,
			);
			name = Products;
			sourceTree = "<group>";
		};
		207C59331B63E7BD0072007F /* 3PreferLiteralSyntaxOverEquivalentMethod */ = {
			isa = PBXGroup;
			children = (
				207C59341B63E7BD0072007F /* main.m */,
			);
			path = 3PreferLiteralSyntaxOverEquivalentMethod;
			sourceTree = "<group>";
		};
/* End PBXGroup section */

/* Begin PBXNativeTarget section */
		207C59301B63E7BD0072007F /* 3PreferLiteralSyntaxOverEquivalentMethod */ = {
			isa = PBXNativeTarget;
			buildConfigurationList = 207C59381B63E7BD0072007F /* Build configuration list for PBXNativeTarget "3PreferLiteralSyntaxOverEquivalentMethod" */;
			buildPhases = (
				207C592D1B63E7BD0072007F /* Sources */,
				207C592E1B63E7BD0072007F /* Frameworks */,
				207C592F1B63E7BD0072007F /* CopyFiles */,
			);
			buildRules = (
			);
			dependencies = (
			);
			name = 3PreferLiteralSyntaxOverEquivalentMethod;
			productName = 3PreferLiteralSyntaxOverEquivalentMethod;
			productReference = 207C59311B63E7BD0072007F /* 3PreferLiteralSyntaxOverEquivalentMethod */;
			productType = "com.apple.product-type.tool";
		};
/* End PBXNativeTarget section */

/* Begin PBXProject section */
		207C59291B63E7BD0072007F /* Project object */ = {
			isa = PBXProject;
			attributes = {
				LastUpgradeCheck = 0640;
				ORGANIZATIONNAME = "万畅";
				TargetAttributes = {
					207C59301B63E7BD0072007F = {
						CreatedOnToolsVersion = 6.4;
					};
				};
			};
			buildConfigurationList = 207C592C1B63E7BD0072007F /* Build configuration list for PBXProject "3PreferLiteralSyntaxOverEquivalentMethod" */;
			compatibilityVersion = "Xcode 3.2";
			developmentRegion = English;
			hasScannedForEncodings = 0;
			knownRegions = (
				en,
			);
			mainGroup = 207C59281B63E7BD0072007F;
			productRefGroup = 207C59321B63E7BD0072007F /* Products */;
			projectDirPath = "";
			projectRoot = "";
			targets = (
				207C59301B63E7BD0072007F /* 3PreferLiteralSyntaxOverEquivalentMethod */,
			);
		};
/* End PBXProject section */

/* Begin PBXSourcesBuildPhase section */
		207C592D1B63E7BD0072007F /* Sources */ = {
			isa = PBXSourcesBuildPhase;
			buildActionMask = 2147483647;
			files = (
				207C59351B63E7BD0072007F /* main.m in Sources */,
			);
			runOnlyForDeploymentPostprocessing = 0;
		};
/* End PBXSourcesBuildPhase section */

/* Begin XCBuildConfiguration section */
		207C59361B63E7BD0072007F /* Debug */ = {
			isa = XCBuildConfiguration;
			buildSettings = {
				ALWAYS_SEARCH_USER_PATHS = NO;
				CLANG_CXX_LANGUAGE_STANDARD = "gnu++0x";
				CLANG_CXX_LIBRARY = "libc++";
				CLANG_ENABLE_MODULES = YES;
				CLANG_ENABLE_OBJC_ARC = YES;
				CLANG_WARN_BOOL_CONVERSION = YES;
				CLANG_WARN_CONSTANT_CONVERSION = YES;
				CLANG_WARN_DIRECT_OBJC_ISA_USAGE = YES_ERROR;
				CLANG_WARN_EMPTY_BODY = YES;
				CLANG_WARN_ENUM_CONVERSION = YES;
				CLANG_WARN_INT_CONVERSION = YES;
				CLANG_WARN_OBJC_ROOT_CLASS = YES_ERROR;
				CLANG_WARN_UNREACHABLE_CODE = YES;
				CLANG_WARN__DUPLICATE_METHOD_MATCH = YES;
				COPY_PHASE_STRIP = NO;
				DEBUG_INFORMATION_FORMAT = dwarf;
				ENABLE_STRICT_OBJC_MSGSEND = YES;
				GCC_C_LANGUAGE_STANDARD = gnu99;
				GCC_DYNAMIC_NO_PIC = NO;
				GCC_NO_COMMON_BLOCKS = YES;
				GCC_OPTIMIZATION_LEVEL = 0;
				GCC_PREPROCESSOR_DEFINITIONS = (
					"DEBUG=1",
					"$(inherited)",
				);
				GCC_SYMBOLS_PRIVATE_EXTERN = NO;
				GCC_WARN_64_TO_32_BIT_CONVERSION = YES;
				GCC_WARN_ABOUT_RETURN_TYPE = YES_ERROR;
				GCC_WARN_UNDECLARED_SELECTOR = YES;
				GCC_WARN_UNINITIALIZED_AUTOS = YES_AGGRESSIVE;
				GCC_WARN_UNUSED_FUNCTION = YES;
				GCC_WARN_UNUSED_VARIABLE = YES;
				MACOSX_DEPLOYMENT_TARGET = 10.10;
				MTL_ENABLE_DEBUG_INFO = YES;
				ONLY_ACTIVE_ARCH = YES;
				SDKROOT = macosx;
			};
			name = Debug;
		};
		207C59371B63E7BD0072007F /* Release */ = {
			isa = XCBuildConfiguration;
			buildSettings = {
				ALWAYS_SEARCH_USER_PATHS = NO;
				CLANG_CXX_LANGUAGE_STANDARD = "gnu++0x";
				CLANG_CXX_LIBRARY = "libc++";
				CLANG_ENABLE_MODULES = YES;
				CLANG_ENABLE_OBJC_ARC = YES;
				CLANG_WARN_BOOL_CONVERSION = YES;
				CLANG_WARN_CONSTANT_CONVERSION = YES;
				CLANG_WARN_DIRECT_OBJC_ISA_USAGE = YES_ERROR;
				CLANG_WARN_EMPTY_BODY = YES;
				CLANG_WARN_ENUM_CONVERSION = YES;
				CLANG_WARN_INT_CONVERSION = YES;
				CLANG_WARN_OBJC_ROOT_CLASS = YES_ERROR;
				CLANG_WARN_UNREACHABLE_CODE = YES;
				CLANG_WARN__DUPLICATE_METHOD_MATCH = YES;
				COPY_PHASE_STRIP = NO;
				DEBUG_INFORMATION_FORMAT = "dwarf-with-dsym";
				ENABLE_NS_ASSERTIONS = NO;
				ENABLE_STRICT_OBJC_MSGSEND = YES;
				GCC_C_LANGUAGE_STANDARD = gnu99;
				GCC_NO_COMMON_BLOCKS = YES;
				GCC_WARN_64_TO_32_BIT_CONVERSION = YES;
				GCC_WARN_ABOUT_RETURN_TYPE = YES_ERROR;
				GCC_WARN_UNDECLARED_SELECTOR = YES;
				GCC_WARN_UNINITIALIZED_AUTOS = YES_AGGRESSIVE;
				GCC_WARN_UNUSED_FUNCTION = YES;
				GCC_WARN_UNUSED_VARIABLE = YES;
				MACOSX_DEPLOYMENT_TARGET = 10.10;
				MTL_ENABLE_DEBUG_INFO = NO;
				SDKROOT = macosx;
			};
			name = Release;
		};
		207C59391B63E7BD0072007F /* Debug */ = {
			isa = XCBuildConfiguration;
			buildSettings = {
				PRODUCT_NAME = "$(TARGET_NAME)";
			};
			name = Debug;
		};
		207C593A1B63E7BD0072007F /* Release */ = {
			isa = XCBuildConfiguration;
			buildSettings = {
				PRODUCT_NAME = "$(TARGET_NAME)";
			};
			name = Release;
		};
/* End XCBuildConfiguration section */

/* Begin XCConfigurationList section */
		207C592C1B63E7BD0072007F /* Build configuration list for PBXProject "3PreferLiteralSyntaxOverEquivalentMethod" */ = {
			isa = XCConfigurationList;
			buildConfigurations = (
				207C59361B63E7BD0072007F /* Debug */,
				207C59371B63E7BD0072007F /* Release */,
			);
			defaultConfigurationIsVisible = 0;
			defaultConfigurationName = Release;
		};
		207C59381B63E7BD0072007F /* Build configuration list for PBXNativeTarget "3PreferLiteralSyntaxOverEquivalentMethod" */ = {
			isa = XCConfigurationList;
			buildConfigurations = (
				207C59391B63E7BD0072007F /* Debug */,
				207C593A1B63E7BD0072007F /* Release */,
			);
			defaultConfigurationIsVisible = 0;
		};
/* End XCConfigurationList section */
	};
	rootObject = 207C59291B63E7BD0072007F /* Project object */;
}
