// !$*UTF8*$!
{
	archiveVersion = 1;
	classes = {
	};
	objectVersion = 46;
	objects = {

/* Begin PBXBuildFile section */
		20C53F631B6292CF00C31E20 /* main.m in Sources */ = {isa = PBXBuildFile; fileRef = 20C53F621B6292CF00C31E20 /* main.m */; };
/* End PBXBuildFile section */

/* Begin PBXCopyFilesBuildPhase section */
		20C53F5D1B6292CF00C31E20 /* CopyFiles */ = {
			isa = PBXCopyFilesBuildPhase;
			buildActionMask = 2147483647;
			dstPath = /usr/share/man/man1/;
			dstSubfolderSpec = 0;
			files = (
			);
			runOnlyForDeploymentPostprocessing = 1;
		};
/* End PBXCopyFilesBuildPhase section */

/* Begin PBXFileReference section */
		20C53F5F1B6292CF00C31E20 /* 1FamiliarYourselfWithOCRoot */ = {isa = PBXFileReference; explicitFileType = "compiled.mach-o.executable"; includeInIndex = 0; path = 1FamiliarYourselfWithOCRoot; sourceTree = BUILT_PRODUCTS_DIR; };
		20C53F621B6292CF00C31E20 /* main.m */ = {isa = PBXFileReference; lastKnownFileType = sourcecode.c.objc; path = main.m; sourceTree = "<group>"; };
/* End PBXFileReference section */

/* Begin PBXFrameworksBuildPhase section */
		20C53F5C1B6292CF00C31E20 /* Frameworks */ = {
			isa = PBXFrameworksBuildPhase;
			buildActionMask = 2147483647;
			files = (
			);
			runOnlyForDeploymentPostprocessing = 0;
		};
/* End PBXFrameworksBuildPhase section */

/* Begin PBXGroup section */
		20C53F561B6292CF00C31E20 = {
			isa = PBXGroup;
			children = (
				20C53F611B6292CF00C31E20 /* 1FamiliarYourselfWithOCRoot */,
				20C53F601B6292CF00C31E20 /* Products */,
			);
			sourceTree = "<group>";
		};
		20C53F601B6292CF00C31E20 /* Products */ = {
			isa = PBXGroup;
			children = (
				20C53F5F1B6292CF00C31E20 /* 1FamiliarYourselfWithOCRoot */,
			);
			name = Products;
			sourceTree = "<group>";
		};
		20C53F611B6292CF00C31E20 /* 1FamiliarYourselfWithOCRoot */ = {
			isa = PBXGroup;
			children = (
				20C53F621B6292CF00C31E20 /* main.m */,
			);
			path = 1FamiliarYourselfWithOCRoot;
			sourceTree = "<group>";
		};
/* End PBXGroup section */

/* Begin PBXNativeTarget section */
		20C53F5E1B6292CF00C31E20 /* 1FamiliarYourselfWithOCRoot */ = {
			isa = PBXNativeTarget;
			buildConfigurationList = 20C53F661B6292CF00C31E20 /* Build configuration list for PBXNativeTarget "1FamiliarYourselfWithOCRoot" */;
			buildPhases = (
				20C53F5B1B6292CF00C31E20 /* Sources */,
				20C53F5C1B6292CF00C31E20 /* Frameworks */,
				20C53F5D1B6292CF00C31E20 /* CopyFiles */,
			);
			buildRules = (
			);
			dependencies = (
			);
			name = 1FamiliarYourselfWithOCRoot;
			productName = 1FamiliarYourselfWithOCRoot;
			productReference = 20C53F5F1B6292CF00C31E20 /* 1FamiliarYourselfWithOCRoot */;
			productType = "com.apple.product-type.tool";
		};
/* End PBXNativeTarget section */

/* Begin PBXProject section */
		20C53F571B6292CF00C31E20 /* Project object */ = {
			isa = PBXProject;
			attributes = {
				LastUpgradeCheck = 0640;
				ORGANIZATIONNAME = "万畅";
				TargetAttributes = {
					20C53F5E1B6292CF00C31E20 = {
						CreatedOnToolsVersion = 6.4;
					};
				};
			};
			buildConfigurationList = 20C53F5A1B6292CF00C31E20 /* Build configuration list for PBXProject "1FamiliarYourselfWithOCRoot" */;
			compatibilityVersion = "Xcode 3.2";
			developmentRegion = English;
			hasScannedForEncodings = 0;
			knownRegions = (
				en,
			);
			mainGroup = 20C53F561B6292CF00C31E20;
			productRefGroup = 20C53F601B6292CF00C31E20 /* Products */;
			projectDirPath = "";
			projectRoot = "";
			targets = (
				20C53F5E1B6292CF00C31E20 /* 1FamiliarYourselfWithOCRoot */,
			);
		};
/* End PBXProject section */

/* Begin PBXSourcesBuildPhase section */
		20C53F5B1B6292CF00C31E20 /* Sources */ = {
			isa = PBXSourcesBuildPhase;
			buildActionMask = 2147483647;
			files = (
				20C53F631B6292CF00C31E20 /* main.m in Sources */,
			);
			runOnlyForDeploymentPostprocessing = 0;
		};
/* End PBXSourcesBuildPhase section */

/* Begin XCBuildConfiguration section */
		20C53F641B6292CF00C31E20 /* Debug */ = {
			isa = XCBuildConfiguration;
			buildSettings = {
				ALWAYS_SEARCH_USER_PATHS = NO;
				CLANG_CXX_LANGUAGE_STANDARD = "gnu++0x";
				CLANG_CXX_LIBRARY = "libc++";
				CLANG_ENABLE_MODULES = YES;
				CLANG_ENABLE_OBJC_ARC = YES;
				CLANG_WARN_BOOL_CONVERSION = YES;
				CLANG_WARN_CONSTANT_CONVERSION = YES;
				CLANG_WARN_DIRECT_OBJC_ISA_USAGE = YES_ERROR;
				CLANG_WARN_EMPTY_BODY = YES;
				CLANG_WARN_ENUM_CONVERSION = YES;
				CLANG_WARN_INT_CONVERSION = YES;
				CLANG_WARN_OBJC_ROOT_CLASS = YES_ERROR;
				CLANG_WARN_UNREACHABLE_CODE = YES;
				CLANG_WARN__DUPLICATE_METHOD_MATCH = YES;
				COPY_PHASE_STRIP = NO;
				DEBUG_INFORMATION_FORMAT = dwarf;
				ENABLE_STRICT_OBJC_MSGSEND = YES;
				GCC_C_LANGUAGE_STANDARD = gnu99;
				GCC_DYNAMIC_NO_PIC = NO;
				GCC_NO_COMMON_BLOCKS = YES;
				GCC_OPTIMIZATION_LEVEL = 0;
				GCC_PREPROCESSOR_DEFINITIONS = (
					"DEBUG=1",
					"$(inherited)",
				);
				GCC_SYMBOLS_PRIVATE_EXTERN = NO;
				GCC_WARN_64_TO_32_BIT_CONVERSION = YES;
				GCC_WARN_ABOUT_RETURN_TYPE = YES_ERROR;
				GCC_WARN_UNDECLARED_SELECTOR = YES;
				GCC_WARN_UNINITIALIZED_AUTOS = YES_AGGRESSIVE;
				GCC_WARN_UNUSED_FUNCTION = YES;
				GCC_WARN_UNUSED_VARIABLE = YES;
				MACOSX_DEPLOYMENT_TARGET = 10.10;
				MTL_ENABLE_DEBUG_INFO = YES;
				ONLY_ACTIVE_ARCH = YES;
				SDKROOT = macosx;
			};
			name = Debug;
		};
		20C53F651B6292CF00C31E20 /* Release */ = {
			isa = XCBuildConfiguration;
			buildSettings = {
				ALWAYS_SEARCH_USER_PATHS = NO;
				CLANG_CXX_LANGUAGE_STANDARD = "gnu++0x";
				CLANG_CXX_LIBRARY = "libc++";
				CLANG_ENABLE_MODULES = YES;
				CLANG_ENABLE_OBJC_ARC = YES;
				CLANG_WARN_BOOL_CONVERSION = YES;
				CLANG_WARN_CONSTANT_CONVERSION = YES;
				CLANG_WARN_DIRECT_OBJC_ISA_USAGE = YES_ERROR;
				CLANG_WARN_EMPTY_BODY = YES;
				CLANG_WARN_ENUM_CONVERSION = YES;
				CLANG_WARN_INT_CONVERSION = YES;
				CLANG_WARN_OBJC_ROOT_CLASS = YES_ERROR;
				CLANG_WARN_UNREACHABLE_CODE = YES;
				CLANG_WARN__DUPLICATE_METHOD_MATCH = YES;
				COPY_PHASE_STRIP = NO;
				DEBUG_INFORMATION_FORMAT = "dwarf-with-dsym";
				ENABLE_NS_ASSERTIONS = NO;
				ENABLE_STRICT_OBJC_MSGSEND = YES;
				GCC_C_LANGUAGE_STANDARD = gnu99;
				GCC_NO_COMMON_BLOCKS = YES;
				GCC_WARN_64_TO_32_BIT_CONVERSION = YES;
				GCC_WARN_ABOUT_RETURN_TYPE = YES_ERROR;
				GCC_WARN_UNDECLARED_SELECTOR = YES;
				GCC_WARN_UNINITIALIZED_AUTOS = YES_AGGRESSIVE;
				GCC_WARN_UNUSED_FUNCTION = YES;
				GCC_WARN_UNUSED_VARIABLE = YES;
				MACOSX_DEPLOYMENT_TARGET = 10.10;
				MTL_ENABLE_DEBUG_INFO = NO;
				SDKROOT = macosx;
			};
			name = Release;
		};
		20C53F671B6292CF00C31E20 /* Debug */ = {
			isa = XCBuildConfiguration;
			buildSettings = {
				PRODUCT_NAME = "$(TARGET_NAME)";
			};
			name = Debug;
		};
		20C53F681B6292CF00C31E20 /* Release */ = {
			isa = XCBuildConfiguration;
			buildSettings = {
				PRODUCT_NAME = "$(TARGET_NAME)";
			};
			name = Release;
		};
/* End XCBuildConfiguration section */

/* Begin XCConfigurationList section */
		20C53F5A1B6292CF00C31E20 /* Build configuration list for PBXProject "1FamiliarYourselfWithOCRoot" */ = {
			isa = XCConfigurationList;
			buildConfigurations = (
				20C53F641B6292CF00C31E20 /* Debug */,
				20C53F651B6292CF00C31E20 /* Release */,
			);
			defaultConfigurationIsVisible = 0;
			defaultConfigurationName = Release;
		};
		20C53F661B6292CF00C31E20 /* Build configuration list for PBXNativeTarget "1FamiliarYourselfWithOCRoot" */ = {
			isa = XCConfigurationList;
			buildConfigurations = (
				20C53F671B6292CF00C31E20 /* Debug */,
				20C53F681B6292CF00C31E20 /* Release */,
			);
			defaultConfigurationIsVisible = 0;
		};
/* End XCConfigurationList section */
	};
	rootObject = 20C53F571B6292CF00C31E20 /* Project object */;
}
