// !$*UTF8*$!
{
	archiveVersion = 1;
	classes = {
	};
	objectVersion = 46;
	objects = {

/* Begin PBXBuildFile section */
		B5B3F3391AB820E80030E665 /* main.m in Sources */ = {isa = PBXBuildFile; fileRef = B5B3F3381AB820E80030E665 /* main.m */; };
		B5B3F3411AB820FD0030E665 /* interfaceMyClass.m in Sources */ = {isa = PBXBuildFile; fileRef = B5B3F3401AB820FD0030E665 /* interfaceMyClass.m */; };
/* End PBXBuildFile section */

/* Begin PBXCopyFilesBuildPhase section */
		B5B3F3331AB820E80030E665 /* CopyFiles */ = {
			isa = PBXCopyFilesBuildPhase;
			buildActionMask = 2147483647;
			dstPath = /usr/share/man/man1/;
			dstSubfolderSpec = 0;
			files = (
			);
			runOnlyForDeploymentPostprocessing = 1;
		};
/* End PBXCopyFilesBuildPhase section */

/* Begin PBXFileReference section */
		B5B3F3351AB820E80030E665 /* privatepublicMethod */ = {isa = PBXFileReference; explicitFileType = "compiled.mach-o.executable"; includeInIndex = 0; path = privatepublicMethod; sourceTree = BUILT_PRODUCTS_DIR; };
		B5B3F3381AB820E80030E665 /* main.m */ = {isa = PBXFileReference; lastKnownFileType = sourcecode.c.objc; path = main.m; sourceTree = "<group>"; };
		B5B3F33F1AB820FD0030E665 /* interfaceMyClass.h */ = {isa = PBXFileReference; fileEncoding = 4; lastKnownFileType = sourcecode.c.h; path = interfaceMyClass.h; sourceTree = "<group>"; };
		B5B3F3401AB820FD0030E665 /* interfaceMyClass.m */ = {isa = PBXFileReference; fileEncoding = 4; lastKnownFileType = sourcecode.c.objc; path = interfaceMyClass.m; sourceTree = "<group>"; };
/* End PBXFileReference section */

/* Begin PBXFrameworksBuildPhase section */
		B5B3F3321AB820E80030E665 /* Frameworks */ = {
			isa = PBXFrameworksBuildPhase;
			buildActionMask = 2147483647;
			files = (
			);
			runOnlyForDeploymentPostprocessing = 0;
		};
/* End PBXFrameworksBuildPhase section */

/* Begin PBXGroup section */
		B5B3F32C1AB820E80030E665 = {
			isa = PBXGroup;
			children = (
				B5B3F3371AB820E80030E665 /* privatepublicMethod */,
				B5B3F3361AB820E80030E665 /* Products */,
			);
			sourceTree = "<group>";
		};
		B5B3F3361AB820E80030E665 /* Products */ = {
			isa = PBXGroup;
			children = (
				B5B3F3351AB820E80030E665 /* privatepublicMethod */,
			);
			name = Products;
			sourceTree = "<group>";
		};
		B5B3F3371AB820E80030E665 /* privatepublicMethod */ = {
			isa = PBXGroup;
			children = (
				B5B3F3381AB820E80030E665 /* main.m */,
				B5B3F33F1AB820FD0030E665 /* interfaceMyClass.h */,
				B5B3F3401AB820FD0030E665 /* interfaceMyClass.m */,
			);
			path = privatepublicMethod;
			sourceTree = "<group>";
		};
/* End PBXGroup section */

/* Begin PBXNativeTarget section */
		B5B3F3341AB820E80030E665 /* privatepublicMethod */ = {
			isa = PBXNativeTarget;
			buildConfigurationList = B5B3F33C1AB820E80030E665 /* Build configuration list for PBXNativeTarget "privatepublicMethod" */;
			buildPhases = (
				B5B3F3311AB820E80030E665 /* Sources */,
				B5B3F3321AB820E80030E665 /* Frameworks */,
				B5B3F3331AB820E80030E665 /* CopyFiles */,
			);
			buildRules = (
			);
			dependencies = (
			);
			name = privatepublicMethod;
			productName = privatepublicMethod;
			productReference = B5B3F3351AB820E80030E665 /* privatepublicMethod */;
			productType = "com.apple.product-type.tool";
		};
/* End PBXNativeTarget section */

/* Begin PBXProject section */
		B5B3F32D1AB820E80030E665 /* Project object */ = {
			isa = PBXProject;
			attributes = {
				LastUpgradeCheck = 0610;
				ORGANIZATIONNAME = abel;
				TargetAttributes = {
					B5B3F3341AB820E80030E665 = {
						CreatedOnToolsVersion = 6.1.1;
					};
				};
			};
			buildConfigurationList = B5B3F3301AB820E80030E665 /* Build configuration list for PBXProject "privatepublicMethod" */;
			compatibilityVersion = "Xcode 3.2";
			developmentRegion = English;
			hasScannedForEncodings = 0;
			knownRegions = (
				en,
			);
			mainGroup = B5B3F32C1AB820E80030E665;
			productRefGroup = B5B3F3361AB820E80030E665 /* Products */;
			projectDirPath = "";
			projectRoot = "";
			targets = (
				B5B3F3341AB820E80030E665 /* privatepublicMethod */,
			);
		};
/* End PBXProject section */

/* Begin PBXSourcesBuildPhase section */
		B5B3F3311AB820E80030E665 /* Sources */ = {
			isa = PBXSourcesBuildPhase;
			buildActionMask = 2147483647;
			files = (
				B5B3F3411AB820FD0030E665 /* interfaceMyClass.m in Sources */,
				B5B3F3391AB820E80030E665 /* main.m in Sources */,
			);
			runOnlyForDeploymentPostprocessing = 0;
		};
/* End PBXSourcesBuildPhase section */

/* Begin XCBuildConfiguration section */
		B5B3F33A1AB820E80030E665 /* Debug */ = {
			isa = XCBuildConfiguration;
			buildSettings = {
				ALWAYS_SEARCH_USER_PATHS = NO;
				CLANG_CXX_LANGUAGE_STANDARD = "gnu++0x";
				CLANG_CXX_LIBRARY = "libc++";
				CLANG_ENABLE_MODULES = YES;
				CLANG_ENABLE_OBJC_ARC = YES;
				CLANG_WARN_BOOL_CONVERSION = YES;
				CLANG_WARN_CONSTANT_CONVERSION = YES;
				CLANG_WARN_DIRECT_OBJC_ISA_USAGE = YES_ERROR;
				CLANG_WARN_EMPTY_BODY = YES;
				CLANG_WARN_ENUM_CONVERSION = YES;
				CLANG_WARN_INT_CONVERSION = YES;
				CLANG_WARN_OBJC_ROOT_CLASS = YES_ERROR;
				CLANG_WARN_UNREACHABLE_CODE = YES;
				CLANG_WARN__DUPLICATE_METHOD_MATCH = YES;
				COPY_PHASE_STRIP = NO;
				ENABLE_STRICT_OBJC_MSGSEND = YES;
				GCC_C_LANGUAGE_STANDARD = gnu99;
				GCC_DYNAMIC_NO_PIC = NO;
				GCC_OPTIMIZATION_LEVEL = 0;
				GCC_PREPROCESSOR_DEFINITIONS = (
					"DEBUG=1",
					"$(inherited)",
				);
				GCC_SYMBOLS_PRIVATE_EXTERN = NO;
				GCC_WARN_64_TO_32_BIT_CONVERSION = YES;
				GCC_WARN_ABOUT_RETURN_TYPE = YES_ERROR;
				GCC_WARN_UNDECLARED_SELECTOR = YES;
				GCC_WARN_UNINITIALIZED_AUTOS = YES_AGGRESSIVE;
				GCC_WARN_UNUSED_FUNCTION = YES;
				GCC_WARN_UNUSED_VARIABLE = YES;
				MACOSX_DEPLOYMENT_TARGET = 10.10;
				MTL_ENABLE_DEBUG_INFO = YES;
				ONLY_ACTIVE_ARCH = YES;
				SDKROOT = macosx;
			};
			name = Debug;
		};
		B5B3F33B1AB820E80030E665 /* Release */ = {
			isa = XCBuildConfiguration;
			buildSettings = {
				ALWAYS_SEARCH_USER_PATHS = NO;
				CLANG_CXX_LANGUAGE_STANDARD = "gnu++0x";
				CLANG_CXX_LIBRARY = "libc++";
				CLANG_ENABLE_MODULES = YES;
				CLANG_ENABLE_OBJC_ARC = YES;
				CLANG_WARN_BOOL_CONVERSION = YES;
				CLANG_WARN_CONSTANT_CONVERSION = YES;
				CLANG_WARN_DIRECT_OBJC_ISA_USAGE = YES_ERROR;
				CLANG_WARN_EMPTY_BODY = YES;
				CLANG_WARN_ENUM_CONVERSION = YES;
				CLANG_WARN_INT_CONVERSION = YES;
				CLANG_WARN_OBJC_ROOT_CLASS = YES_ERROR;
				CLANG_WARN_UNREACHABLE_CODE = YES;
				CLANG_WARN__DUPLICATE_METHOD_MATCH = YES;
				COPY_PHASE_STRIP = YES;
				DEBUG_INFORMATION_FORMAT = "dwarf-with-dsym";
				ENABLE_NS_ASSERTIONS = NO;
				ENABLE_STRICT_OBJC_MSGSEND = YES;
				GCC_C_LANGUAGE_STANDARD = gnu99;
				GCC_WARN_64_TO_32_BIT_CONVERSION = YES;
				GCC_WARN_ABOUT_RETURN_TYPE = YES_ERROR;
				GCC_WARN_UNDECLARED_SELECTOR = YES;
				GCC_WARN_UNINITIALIZED_AUTOS = YES_AGGRESSIVE;
				GCC_WARN_UNUSED_FUNCTION = YES;
				GCC_WARN_UNUSED_VARIABLE = YES;
				MACOSX_DEPLOYMENT_TARGET = 10.10;
				MTL_ENABLE_DEBUG_INFO = NO;
				SDKROOT = macosx;
			};
			name = Release;
		};
		B5B3F33D1AB820E80030E665 /* Debug */ = {
			isa = XCBuildConfiguration;
			buildSettings = {
				PRODUCT_NAME = "$(TARGET_NAME)";
			};
			name = Debug;
		};
		B5B3F33E1AB820E80030E665 /* Release */ = {
			isa = XCBuildConfiguration;
			buildSettings = {
				PRODUCT_NAME = "$(TARGET_NAME)";
			};
			name = Release;
		};
/* End XCBuildConfiguration section */

/* Begin XCConfigurationList section */
		B5B3F3301AB820E80030E665 /* Build configuration list for PBXProject "privatepublicMethod" */ = {
			isa = XCConfigurationList;
			buildConfigurations = (
				B5B3F33A1AB820E80030E665 /* Debug */,
				B5B3F33B1AB820E80030E665 /* Release */,
			);
			defaultConfigurationIsVisible = 0;
			defaultConfigurationName = Release;
		};
		B5B3F33C1AB820E80030E665 /* Build configuration list for PBXNativeTarget "privatepublicMethod" */ = {
			isa = XCConfigurationList;
			buildConfigurations = (
				B5B3F33D1AB820E80030E665 /* Debug */,
				B5B3F33E1AB820E80030E665 /* Release */,
			);
			defaultConfigurationIsVisible = 0;
		};
/* End XCConfigurationList section */
	};
	rootObject = B5B3F32D1AB820E80030E665 /* Project object */;
}
