// !$*UTF8*$!
{
	archiveVersion = 1;
	classes = {
	};
	objectVersion = 46;
	objects = {

/* Begin PBXBuildFile section */
		20DDCB941CA52F96006D8427 /* main.m in Sources */ = {isa = PBXBuildFile; fileRef = 20DDCB931CA52F96006D8427 /* main.m */; };
/* End PBXBuildFile section */

/* Begin PBXCopyFilesBuildPhase section */
		20DDCB8E1CA52F96006D8427 /* CopyFiles */ = {
			isa = PBXCopyFilesBuildPhase;
			buildActionMask = 2147483647;
			dstPath = /usr/share/man/man1/;
			dstSubfolderSpec = 0;
			files = (
			);
			runOnlyForDeploymentPostprocessing = 1;
		};
/* End PBXCopyFilesBuildPhase section */

/* Begin PBXFileReference section */
		20DDCB901CA52F96006D8427 /* 4Prefer Typed Constants to Preprocessor */ = {isa = PBXFileReference; explicitFileType = "compiled.mach-o.executable"; includeInIndex = 0; path = "4Prefer Typed Constants to Preprocessor"; sourceTree = BUILT_PRODUCTS_DIR; };
		20DDCB931CA52F96006D8427 /* main.m */ = {isa = PBXFileReference; lastKnownFileType = sourcecode.c.objc; path = main.m; sourceTree = "<group>"; };
/* End PBXFileReference section */

/* Begin PBXFrameworksBuildPhase section */
		20DDCB8D1CA52F96006D8427 /* Frameworks */ = {
			isa = PBXFrameworksBuildPhase;
			buildActionMask = 2147483647;
			files = (
			);
			runOnlyForDeploymentPostprocessing = 0;
		};
/* End PBXFrameworksBuildPhase section */

/* Begin PBXGroup section */
		20DDCB871CA52F96006D8427 = {
			isa = PBXGroup;
			children = (
				20DDCB921CA52F96006D8427 /* 4Prefer Typed Constants to Preprocessor */,
				20DDCB911CA52F96006D8427 /* Products */,
			);
			sourceTree = "<group>";
		};
		20DDCB911CA52F96006D8427 /* Products */ = {
			isa = PBXGroup;
			children = (
				20DDCB901CA52F96006D8427 /* 4Prefer Typed Constants to Preprocessor */,
			);
			name = Products;
			sourceTree = "<group>";
		};
		20DDCB921CA52F96006D8427 /* 4Prefer Typed Constants to Preprocessor */ = {
			isa = PBXGroup;
			children = (
				20DDCB931CA52F96006D8427 /* main.m */,
			);
			path = "4Prefer Typed Constants to Preprocessor";
			sourceTree = "<group>";
		};
/* End PBXGroup section */

/* Begin PBXNativeTarget section */
		20DDCB8F1CA52F96006D8427 /* 4Prefer Typed Constants to Preprocessor */ = {
			isa = PBXNativeTarget;
			buildConfigurationList = 20DDCB971CA52F96006D8427 /* Build configuration list for PBXNativeTarget "4Prefer Typed Constants to Preprocessor" */;
			buildPhases = (
				20DDCB8C1CA52F96006D8427 /* Sources */,
				20DDCB8D1CA52F96006D8427 /* Frameworks */,
				20DDCB8E1CA52F96006D8427 /* CopyFiles */,
			);
			buildRules = (
			);
			dependencies = (
			);
			name = "4Prefer Typed Constants to Preprocessor";
			productName = "4Prefer Typed Constants to Preprocessor";
			productReference = 20DDCB901CA52F96006D8427 /* 4Prefer Typed Constants to Preprocessor */;
			productType = "com.apple.product-type.tool";
		};
/* End PBXNativeTarget section */

/* Begin PBXProject section */
		20DDCB881CA52F96006D8427 /* Project object */ = {
			isa = PBXProject;
			attributes = {
				LastUpgradeCheck = 0730;
				ORGANIZATIONNAME = abelwan;
				TargetAttributes = {
					20DDCB8F1CA52F96006D8427 = {
						CreatedOnToolsVersion = 7.3;
					};
				};
			};
			buildConfigurationList = 20DDCB8B1CA52F96006D8427 /* Build configuration list for PBXProject "4Prefer Typed Constants to Preprocessor" */;
			compatibilityVersion = "Xcode 3.2";
			developmentRegion = English;
			hasScannedForEncodings = 0;
			knownRegions = (
				en,
			);
			mainGroup = 20DDCB871CA52F96006D8427;
			productRefGroup = 20DDCB911CA52F96006D8427 /* Products */;
			projectDirPath = "";
			projectRoot = "";
			targets = (
				20DDCB8F1CA52F96006D8427 /* 4Prefer Typed Constants to Preprocessor */,
			);
		};
/* End PBXProject section */

/* Begin PBXSourcesBuildPhase section */
		20DDCB8C1CA52F96006D8427 /* Sources */ = {
			isa = PBXSourcesBuildPhase;
			buildActionMask = 2147483647;
			files = (
				20DDCB941CA52F96006D8427 /* main.m in Sources */,
			);
			runOnlyForDeploymentPostprocessing = 0;
		};
/* End PBXSourcesBuildPhase section */

/* Begin XCBuildConfiguration section */
		20DDCB951CA52F96006D8427 /* Debug */ = {
			isa = XCBuildConfiguration;
			buildSettings = {
				ALWAYS_SEARCH_USER_PATHS = NO;
				CLANG_ANALYZER_NONNULL = YES;
				CLANG_CXX_LANGUAGE_STANDARD = "gnu++0x";
				CLANG_CXX_LIBRARY = "libc++";
				CLANG_ENABLE_MODULES = YES;
				CLANG_ENABLE_OBJC_ARC = YES;
				CLANG_WARN_BOOL_CONVERSION = YES;
				CLANG_WARN_CONSTANT_CONVERSION = YES;
				CLANG_WARN_DIRECT_OBJC_ISA_USAGE = YES_ERROR;
				CLANG_WARN_EMPTY_BODY = YES;
				CLANG_WARN_ENUM_CONVERSION = YES;
				CLANG_WARN_INT_CONVERSION = YES;
				CLANG_WARN_OBJC_ROOT_CLASS = YES_ERROR;
				CLANG_WARN_UNREACHABLE_CODE = YES;
				CLANG_WARN__DUPLICATE_METHOD_MATCH = YES;
				CODE_SIGN_IDENTITY = "-";
				COPY_PHASE_STRIP = NO;
				DEBUG_INFORMATION_FORMAT = dwarf;
				ENABLE_STRICT_OBJC_MSGSEND = YES;
				ENABLE_TESTABILITY = YES;
				GCC_C_LANGUAGE_STANDARD = gnu99;
				GCC_DYNAMIC_NO_PIC = NO;
				GCC_NO_COMMON_BLOCKS = YES;
				GCC_OPTIMIZATION_LEVEL = 0;
				GCC_PREPROCESSOR_DEFINITIONS = (
					"DEBUG=1",
					"$(inherited)",
				);
				GCC_WARN_64_TO_32_BIT_CONVERSION = YES;
				GCC_WARN_ABOUT_RETURN_TYPE = YES_ERROR;
				GCC_WARN_UNDECLARED_SELECTOR = YES;
				GCC_WARN_UNINITIALIZED_AUTOS = YES_AGGRESSIVE;
				GCC_WARN_UNUSED_FUNCTION = YES;
				GCC_WARN_UNUSED_VARIABLE = YES;
				MACOSX_DEPLOYMENT_TARGET = 10.11;
				MTL_ENABLE_DEBUG_INFO = YES;
				ONLY_ACTIVE_ARCH = YES;
				SDKROOT = macosx;
			};
			name = Debug;
		};
		20DDCB961CA52F96006D8427 /* Release */ = {
			isa = XCBuildConfiguration;
			buildSettings = {
				ALWAYS_SEARCH_USER_PATHS = NO;
				CLANG_ANALYZER_NONNULL = YES;
				CLANG_CXX_LANGUAGE_STANDARD = "gnu++0x";
				CLANG_CXX_LIBRARY = "libc++";
				CLANG_ENABLE_MODULES = YES;
				CLANG_ENABLE_OBJC_ARC = YES;
				CLANG_WARN_BOOL_CONVERSION = YES;
				CLANG_WARN_CONSTANT_CONVERSION = YES;
				CLANG_WARN_DIRECT_OBJC_ISA_USAGE = YES_ERROR;
				CLANG_WARN_EMPTY_BODY = YES;
				CLANG_WARN_ENUM_CONVERSION = YES;
				CLANG_WARN_INT_CONVERSION = YES;
				CLANG_WARN_OBJC_ROOT_CLASS = YES_ERROR;
				CLANG_WARN_UNREACHABLE_CODE = YES;
				CLANG_WARN__DUPLICATE_METHOD_MATCH = YES;
				CODE_SIGN_IDENTITY = "-";
				COPY_PHASE_STRIP = NO;
				DEBUG_INFORMATION_FORMAT = "dwarf-with-dsym";
				ENABLE_NS_ASSERTIONS = NO;
				ENABLE_STRICT_OBJC_MSGSEND = YES;
				GCC_C_LANGUAGE_STANDARD = gnu99;
				GCC_NO_COMMON_BLOCKS = YES;
				GCC_WARN_64_TO_32_BIT_CONVERSION = YES;
				GCC_WARN_ABOUT_RETURN_TYPE = YES_ERROR;
				GCC_WARN_UNDECLARED_SELECTOR = YES;
				GCC_WARN_UNINITIALIZED_AUTOS = YES_AGGRESSIVE;
				GCC_WARN_UNUSED_FUNCTION = YES;
				GCC_WARN_UNUSED_VARIABLE = YES;
				MACOSX_DEPLOYMENT_TARGET = 10.11;
				MTL_ENABLE_DEBUG_INFO = NO;
				SDKROOT = macosx;
			};
			name = Release;
		};
		20DDCB981CA52F96006D8427 /* Debug */ = {
			isa = XCBuildConfiguration;
			buildSettings = {
				PRODUCT_NAME = "$(TARGET_NAME)";
			};
			name = Debug;
		};
		20DDCB991CA52F96006D8427 /* Release */ = {
			isa = XCBuildConfiguration;
			buildSettings = {
				PRODUCT_NAME = "$(TARGET_NAME)";
			};
			name = Release;
		};
/* End XCBuildConfiguration section */

/* Begin XCConfigurationList section */
		20DDCB8B1CA52F96006D8427 /* Build configuration list for PBXProject "4Prefer Typed Constants to Preprocessor" */ = {
			isa = XCConfigurationList;
			buildConfigurations = (
				20DDCB951CA52F96006D8427 /* Debug */,
				20DDCB961CA52F96006D8427 /* Release */,
			);
			defaultConfigurationIsVisible = 0;
			defaultConfigurationName = Release;
		};
		20DDCB971CA52F96006D8427 /* Build configuration list for PBXNativeTarget "4Prefer Typed Constants to Preprocessor" */ = {
			isa = XCConfigurationList;
			buildConfigurations = (
				20DDCB981CA52F96006D8427 /* Debug */,
				20DDCB991CA52F96006D8427 /* Release */,
			);
			defaultConfigurationIsVisible = 0;
		};
/* End XCConfigurationList section */
	};
	rootObject = 20DDCB881CA52F96006D8427 /* Project object */;
}
