// !$*UTF8*$!
{
	archiveVersion = 1;
	classes = {
	};
	objectVersion = 46;
	objects = {

/* Begin PBXBuildFile section */
		B5B673541AB55CF700172FDB /* main.m in Sources */ = {isa = PBXBuildFile; fileRef = B5B673531AB55CF700172FDB /* main.m */; };
		B5B6735C1AB5690700172FDB /* ConstantTest.m in Sources */ = {isa = PBXBuildFile; fileRef = B5B6735B1AB5690700172FDB /* ConstantTest.m */; };
/* End PBXBuildFile section */

/* Begin PBXCopyFilesBuildPhase section */
		B5B6734E1AB55CF700172FDB /* CopyFiles */ = {
			isa = PBXCopyFilesBuildPhase;
			buildActionMask = 2147483647;
			dstPath = /usr/share/man/man1/;
			dstSubfolderSpec = 0;
			files = (
			);
			runOnlyForDeploymentPostprocessing = 1;
		};
/* End PBXCopyFilesBuildPhase section */

/* Begin PBXFileReference section */
		B5B673501AB55CF700172FDB /* 3PreferLiteralSyntax */ = {isa = PBXFileReference; explicitFileType = "compiled.mach-o.executable"; includeInIndex = 0; path = 3PreferLiteralSyntax; sourceTree = BUILT_PRODUCTS_DIR; };
		B5B673531AB55CF700172FDB /* main.m */ = {isa = PBXFileReference; lastKnownFileType = sourcecode.c.objc; path = main.m; sourceTree = "<group>"; };
		B5B6735A1AB5690700172FDB /* ConstantTest.h */ = {isa = PBXFileReference; fileEncoding = 4; lastKnownFileType = sourcecode.c.h; path = ConstantTest.h; sourceTree = "<group>"; };
		B5B6735B1AB5690700172FDB /* ConstantTest.m */ = {isa = PBXFileReference; fileEncoding = 4; lastKnownFileType = sourcecode.c.objc; path = ConstantTest.m; sourceTree = "<group>"; };
/* End PBXFileReference section */

/* Begin PBXFrameworksBuildPhase section */
		B5B6734D1AB55CF700172FDB /* Frameworks */ = {
			isa = PBXFrameworksBuildPhase;
			buildActionMask = 2147483647;
			files = (
			);
			runOnlyForDeploymentPostprocessing = 0;
		};
/* End PBXFrameworksBuildPhase section */

/* Begin PBXGroup section */
		B5B673471AB55CF700172FDB = {
			isa = PBXGroup;
			children = (
				B5B673521AB55CF700172FDB /* 3PreferLiteralSyntax */,
				B5B673511AB55CF700172FDB /* Products */,
			);
			sourceTree = "<group>";
		};
		B5B673511AB55CF700172FDB /* Products */ = {
			isa = PBXGroup;
			children = (
				B5B673501AB55CF700172FDB /* 3PreferLiteralSyntax */,
			);
			name = Products;
			sourceTree = "<group>";
		};
		B5B673521AB55CF700172FDB /* 3PreferLiteralSyntax */ = {
			isa = PBXGroup;
			children = (
				B5B673531AB55CF700172FDB /* main.m */,
				B5B6735A1AB5690700172FDB /* ConstantTest.h */,
				B5B6735B1AB5690700172FDB /* ConstantTest.m */,
			);
			path = 3PreferLiteralSyntax;
			sourceTree = "<group>";
		};
/* End PBXGroup section */

/* Begin PBXNativeTarget section */
		B5B6734F1AB55CF700172FDB /* 3PreferLiteralSyntax */ = {
			isa = PBXNativeTarget;
			buildConfigurationList = B5B673571AB55CF700172FDB /* Build configuration list for PBXNativeTarget "3PreferLiteralSyntax" */;
			buildPhases = (
				B5B6734C1AB55CF700172FDB /* Sources */,
				B5B6734D1AB55CF700172FDB /* Frameworks */,
				B5B6734E1AB55CF700172FDB /* CopyFiles */,
			);
			buildRules = (
			);
			dependencies = (
			);
			name = 3PreferLiteralSyntax;
			productName = 3PreferLiteralSyntax;
			productReference = B5B673501AB55CF700172FDB /* 3PreferLiteralSyntax */;
			productType = "com.apple.product-type.tool";
		};
/* End PBXNativeTarget section */

/* Begin PBXProject section */
		B5B673481AB55CF700172FDB /* Project object */ = {
			isa = PBXProject;
			attributes = {
				LastUpgradeCheck = 0610;
				ORGANIZATIONNAME = abel;
				TargetAttributes = {
					B5B6734F1AB55CF700172FDB = {
						CreatedOnToolsVersion = 6.1.1;
					};
				};
			};
			buildConfigurationList = B5B6734B1AB55CF700172FDB /* Build configuration list for PBXProject "3PreferLiteralSyntax" */;
			compatibilityVersion = "Xcode 3.2";
			developmentRegion = English;
			hasScannedForEncodings = 0;
			knownRegions = (
				en,
			);
			mainGroup = B5B673471AB55CF700172FDB;
			productRefGroup = B5B673511AB55CF700172FDB /* Products */;
			projectDirPath = "";
			projectRoot = "";
			targets = (
				B5B6734F1AB55CF700172FDB /* 3PreferLiteralSyntax */,
			);
		};
/* End PBXProject section */

/* Begin PBXSourcesBuildPhase section */
		B5B6734C1AB55CF700172FDB /* Sources */ = {
			isa = PBXSourcesBuildPhase;
			buildActionMask = 2147483647;
			files = (
				B5B673541AB55CF700172FDB /* main.m in Sources */,
				B5B6735C1AB5690700172FDB /* ConstantTest.m in Sources */,
			);
			runOnlyForDeploymentPostprocessing = 0;
		};
/* End PBXSourcesBuildPhase section */

/* Begin XCBuildConfiguration section */
		B5B673551AB55CF700172FDB /* Debug */ = {
			isa = XCBuildConfiguration;
			buildSettings = {
				ALWAYS_SEARCH_USER_PATHS = NO;
				CLANG_CXX_LANGUAGE_STANDARD = "gnu++0x";
				CLANG_CXX_LIBRARY = "libc++";
				CLANG_ENABLE_MODULES = YES;
				CLANG_ENABLE_OBJC_ARC = YES;
				CLANG_WARN_BOOL_CONVERSION = YES;
				CLANG_WARN_CONSTANT_CONVERSION = YES;
				CLANG_WARN_DIRECT_OBJC_ISA_USAGE = YES_ERROR;
				CLANG_WARN_EMPTY_BODY = YES;
				CLANG_WARN_ENUM_CONVERSION = YES;
				CLANG_WARN_INT_CONVERSION = YES;
				CLANG_WARN_OBJC_ROOT_CLASS = YES_ERROR;
				CLANG_WARN_UNREACHABLE_CODE = YES;
				CLANG_WARN__DUPLICATE_METHOD_MATCH = YES;
				COPY_PHASE_STRIP = NO;
				ENABLE_STRICT_OBJC_MSGSEND = YES;
				GCC_C_LANGUAGE_STANDARD = gnu99;
				GCC_DYNAMIC_NO_PIC = NO;
				GCC_OPTIMIZATION_LEVEL = 0;
				GCC_PREPROCESSOR_DEFINITIONS = (
					"DEBUG=1",
					"$(inherited)",
				);
				GCC_SYMBOLS_PRIVATE_EXTERN = NO;
				GCC_WARN_64_TO_32_BIT_CONVERSION = YES;
				GCC_WARN_ABOUT_RETURN_TYPE = YES_ERROR;
				GCC_WARN_UNDECLARED_SELECTOR = YES;
				GCC_WARN_UNINITIALIZED_AUTOS = YES_AGGRESSIVE;
				GCC_WARN_UNUSED_FUNCTION = YES;
				GCC_WARN_UNUSED_VARIABLE = YES;
				MACOSX_DEPLOYMENT_TARGET = 10.10;
				MTL_ENABLE_DEBUG_INFO = YES;
				ONLY_ACTIVE_ARCH = YES;
				SDKROOT = macosx;
			};
			name = Debug;
		};
		B5B673561AB55CF700172FDB /* Release */ = {
			isa = XCBuildConfiguration;
			buildSettings = {
				ALWAYS_SEARCH_USER_PATHS = NO;
				CLANG_CXX_LANGUAGE_STANDARD = "gnu++0x";
				CLANG_CXX_LIBRARY = "libc++";
				CLANG_ENABLE_MODULES = YES;
				CLANG_ENABLE_OBJC_ARC = YES;
				CLANG_WARN_BOOL_CONVERSION = YES;
				CLANG_WARN_CONSTANT_CONVERSION = YES;
				CLANG_WARN_DIRECT_OBJC_ISA_USAGE = YES_ERROR;
				CLANG_WARN_EMPTY_BODY = YES;
				CLANG_WARN_ENUM_CONVERSION = YES;
				CLANG_WARN_INT_CONVERSION = YES;
				CLANG_WARN_OBJC_ROOT_CLASS = YES_ERROR;
				CLANG_WARN_UNREACHABLE_CODE = YES;
				CLANG_WARN__DUPLICATE_METHOD_MATCH = YES;
				COPY_PHASE_STRIP = YES;
				DEBUG_INFORMATION_FORMAT = "dwarf-with-dsym";
				ENABLE_NS_ASSERTIONS = NO;
				ENABLE_STRICT_OBJC_MSGSEND = YES;
				GCC_C_LANGUAGE_STANDARD = gnu99;
				GCC_WARN_64_TO_32_BIT_CONVERSION = YES;
				GCC_WARN_ABOUT_RETURN_TYPE = YES_ERROR;
				GCC_WARN_UNDECLARED_SELECTOR = YES;
				GCC_WARN_UNINITIALIZED_AUTOS = YES_AGGRESSIVE;
				GCC_WARN_UNUSED_FUNCTION = YES;
				GCC_WARN_UNUSED_VARIABLE = YES;
				MACOSX_DEPLOYMENT_TARGET = 10.10;
				MTL_ENABLE_DEBUG_INFO = NO;
				SDKROOT = macosx;
			};
			name = Release;
		};
		B5B673581AB55CF700172FDB /* Debug */ = {
			isa = XCBuildConfiguration;
			buildSettings = {
				PRODUCT_NAME = "$(TARGET_NAME)";
			};
			name = Debug;
		};
		B5B673591AB55CF700172FDB /* Release */ = {
			isa = XCBuildConfiguration;
			buildSettings = {
				PRODUCT_NAME = "$(TARGET_NAME)";
			};
			name = Release;
		};
/* End XCBuildConfiguration section */

/* Begin XCConfigurationList section */
		B5B6734B1AB55CF700172FDB /* Build configuration list for PBXProject "3PreferLiteralSyntax" */ = {
			isa = XCConfigurationList;
			buildConfigurations = (
				B5B673551AB55CF700172FDB /* Debug */,
				B5B673561AB55CF700172FDB /* Release */,
			);
			defaultConfigurationIsVisible = 0;
			defaultConfigurationName = Release;
		};
		B5B673571AB55CF700172FDB /* Build configuration list for PBXNativeTarget "3PreferLiteralSyntax" */ = {
			isa = XCConfigurationList;
			buildConfigurations = (
				B5B673581AB55CF700172FDB /* Debug */,
				B5B673591AB55CF700172FDB /* Release */,
			);
			defaultConfigurationIsVisible = 0;
			defaultConfigurationName = Release;
		};
/* End XCConfigurationList section */
	};
	rootObject = B5B673481AB55CF700172FDB /* Project object */;
}
